// !$*UTF8*$!
{
	archiveVersion = 1;
	classes = {
	};
	objectVersion = 46;
	objects = {

/* Begin PBXBuildFile section */
		70FE18211B7C81500037AD92 /* main.m in Sources */ = {isa = PBXBuildFile; fileRef = 70FE18201B7C81500037AD92 /* main.m */; };
		70FE18241B7C81500037AD92 /* AppDelegate.m in Sources */ = {isa = PBXBuildFile; fileRef = 70FE18231B7C81500037AD92 /* AppDelegate.m */; };
		70FE18271B7C81500037AD92 /* ViewController.m in Sources */ = {isa = PBXBuildFile; fileRef = 70FE18261B7C81500037AD92 /* ViewController.m */; };
		70FE182A1B7C81500037AD92 /* Main.storyboard in Resources */ = {isa = PBXBuildFile; fileRef = 70FE18281B7C81500037AD92 /* Main.storyboard */; };
		70FE182C1B7C81500037AD92 /* Images.xcassets in Resources */ = {isa = PBXBuildFile; fileRef = 70FE182B1B7C81500037AD92 /* Images.xcassets */; };
		70FE182F1B7C81500037AD92 /* LaunchScreen.xib in Resources */ = {isa = PBXBuildFile; fileRef = 70FE182D1B7C81500037AD92 /* LaunchScreen.xib */; };
		70FE183B1B7C81500037AD92 /* _1_____Tests.m in Sources */ = {isa = PBXBuildFile; fileRef = 70FE183A1B7C81500037AD92 /* _1_____Tests.m */; };
		70FE18451B7C87490037AD92 /* buyao.wav in Resources */ = {isa = PBXBuildFile; fileRef = 70FE18441B7C87490037AD92 /* buyao.wav */; };
/* End PBXBuildFile section */

/* Begin PBXContainerItemProxy section */
		70FE18351B7C81500037AD92 /* PBXContainerItemProxy */ = {
			isa = PBXContainerItemProxy;
			containerPortal = 70FE18131B7C81500037AD92 /* Project object */;
			proxyType = 1;
			remoteGlobalIDString = 70FE181A1B7C81500037AD92;
			remoteInfo = "01-本地通知";
		};
/* End PBXContainerItemProxy section */

/* Begin PBXFileReference section */
		70FE181B1B7C81500037AD92 /* 01-本地通知.app */ = {isa = PBXFileReference; explicitFileType = wrapper.application; includeInIndex = 0; path = "01-本地通知.app"; sourceTree = BUILT_PRODUCTS_DIR; };
		70FE181F1B7C81500037AD92 /* Info.plist */ = {isa = PBXFileReference; lastKnownFileType = text.plist.xml; path = Info.plist; sourceTree = "<group>"; };
		70FE18201B7C81500037AD92 /* main.m */ = {isa = PBXFileReference; lastKnownFileType = sourcecode.c.objc; path = main.m; sourceTree = "<group>"; };
		70FE18221B7C81500037AD92 /* AppDelegate.h */ = {isa = PBXFileReference; lastKnownFileType = sourcecode.c.h; path = AppDelegate.h; sourceTree = "<group>"; };
		70FE18231B7C81500037AD92 /* AppDelegate.m */ = {isa = PBXFileReference; lastKnownFileType = sourcecode.c.objc; path = AppDelegate.m; sourceTree = "<group>"; };
		70FE18251B7C81500037AD92 /* ViewController.h */ = {isa = PBXFileReference; lastKnownFileType = sourcecode.c.h; path = ViewController.h; sourceTree = "<group>"; };
		70FE18261B7C81500037AD92 /* ViewController.m */ = {isa = PBXFileReference; lastKnownFileType = sourcecode.c.objc; path = ViewController.m; sourceTree = "<group>"; };
		70FE18291B7C81500037AD92 /* Base */ = {isa = PBXFileReference; lastKnownFileType = file.storyboard; name = Base; path = Base.lproj/Main.storyboard; sourceTree = "<group>"; };
		70FE182B1B7C81500037AD92 /* Images.xcassets */ = {isa = PBXFileReference; lastKnownFileType = folder.assetcatalog; path = Images.xcassets; sourceTree = "<group>"; };
		70FE182E1B7C81500037AD92 /* Base */ = {isa = PBXFileReference; lastKnownFileType = file.xib; name = Base; path = Base.lproj/LaunchScreen.xib; sourceTree = "<group>"; };
		70FE18341B7C81500037AD92 /* 01-本地通知Tests.xctest */ = {isa = PBXFileReference; explicitFileType = wrapper.cfbundle; includeInIndex = 0; path = "01-本地通知Tests.xctest"; sourceTree = BUILT_PRODUCTS_DIR; };
		70FE18391B7C81500037AD92 /* Info.plist */ = {isa = PBXFileReference; lastKnownFileType = text.plist.xml; path = Info.plist; sourceTree = "<group>"; };
		70FE183A1B7C81500037AD92 /* _1_____Tests.m */ = {isa = PBXFileReference; lastKnownFileType = sourcecode.c.objc; path = "_1_____Tests.m"; sourceTree = "<group>"; };
		70FE18441B7C87490037AD92 /* buyao.wav */ = {isa = PBXFileReference; lastKnownFileType = audio.wav; path = buyao.wav; sourceTree = "<group>"; };
/* End PBXFileReference section */

/* Begin PBXFrameworksBuildPhase section */
		70FE18181B7C81500037AD92 /* Frameworks */ = {
			isa = PBXFrameworksBuildPhase;
			buildActionMask = 2147483647;
			files = (
			);
			runOnlyForDeploymentPostprocessing = 0;
		};
		70FE18311B7C81500037AD92 /* Frameworks */ = {
			isa = PBXFrameworksBuildPhase;
			buildActionMask = 2147483647;
			files = (
			);
			runOnlyForDeploymentPostprocessing = 0;
		};
/* End PBXFrameworksBuildPhase section */

/* Begin PBXGroup section */
		70FE18121B7C81500037AD92 = {
			isa = PBXGroup;
			children = (
				70FE181D1B7C81500037AD92 /* 01-本地通知 */,
				70FE18371B7C81500037AD92 /* 01-本地通知Tests */,
				70FE181C1B7C81500037AD92 /* Products */,
			);
			sourceTree = "<group>";
		};
		70FE181C1B7C81500037AD92 /* Products */ = {
			isa = PBXGroup;
			children = (
				70FE181B1B7C81500037AD92 /* 01-本地通知.app */,
				70FE18341B7C81500037AD92 /* 01-本地通知Tests.xctest */,
			);
			name = Products;
			sourceTree = "<group>";
		};
		70FE181D1B7C81500037AD92 /* 01-本地通知 */ = {
			isa = PBXGroup;
			children = (
				70FE18221B7C81500037AD92 /* AppDelegate.h */,
				70FE18231B7C81500037AD92 /* AppDelegate.m */,
				70FE18251B7C81500037AD92 /* ViewController.h */,
				70FE18261B7C81500037AD92 /* ViewController.m */,
				70FE18281B7C81500037AD92 /* Main.storyboard */,
				70FE182B1B7C81500037AD92 /* Images.xcassets */,
				70FE182D1B7C81500037AD92 /* LaunchScreen.xib */,
				70FE181E1B7C81500037AD92 /* Supporting Files */,
			);
			path = "01-本地通知";
			sourceTree = "<group>";
		};
		70FE181E1B7C81500037AD92 /* Supporting Files */ = {
			isa = PBXGroup;
			children = (
				70FE18441B7C87490037AD92 /* buyao.wav */,
				70FE181F1B7C81500037AD92 /* Info.plist */,
				70FE18201B7C81500037AD92 /* main.m */,
			);
			name = "Supporting Files";
			sourceTree = "<group>";
		};
		70FE18371B7C81500037AD92 /* 01-本地通知Tests */ = {
			isa = PBXGroup;
			children = (
				70FE183A1B7C81500037AD92 /* _1_____Tests.m */,
				70FE18381B7C81500037AD92 /* Supporting Files */,
			);
			path = "01-本地通知Tests";
			sourceTree = "<group>";
		};
		70FE18381B7C81500037AD92 /* Supporting Files */ = {
			isa = PBXGroup;
			children = (
				70FE18391B7C81500037AD92 /* Info.plist */,
			);
			name = "Supporting Files";
			sourceTree = "<group>";
		};
/* End PBXGroup section */

/* Begin PBXNativeTarget section */
		70FE181A1B7C81500037AD92 /* 01-本地通知 */ = {
			isa = PBXNativeTarget;
			buildConfigurationList = 70FE183E1B7C81500037AD92 /* Build configuration list for PBXNativeTarget "01-本地通知" */;
			buildPhases = (
				70FE18171B7C81500037AD92 /* Sources */,
				70FE18181B7C81500037AD92 /* Frameworks */,
				70FE18191B7C81500037AD92 /* Resources */,
			);
			buildRules = (
			);
			dependencies = (
			);
			name = "01-本地通知";
			productName = "01-本地通知";
			productReference = 70FE181B1B7C81500037AD92 /* 01-本地通知.app */;
			productType = "com.apple.product-type.application";
		};
		70FE18331B7C81500037AD92 /* 01-本地通知Tests */ = {
			isa = PBXNativeTarget;
			buildConfigurationList = 70FE18411B7C81500037AD92 /* Build configuration list for PBXNativeTarget "01-本地通知Tests" */;
			buildPhases = (
				70FE18301B7C81500037AD92 /* Sources */,
				70FE18311B7C81500037AD92 /* Frameworks */,
				70FE18321B7C81500037AD92 /* Resources */,
			);
			buildRules = (
			);
			dependencies = (
				70FE18361B7C81500037AD92 /* PBXTargetDependency */,
			);
			name = "01-本地通知Tests";
			productName = "01-本地通知Tests";
			productReference = 70FE18341B7C81500037AD92 /* 01-本地通知Tests.xctest */;
			productType = "com.apple.product-type.bundle.unit-test";
		};
/* End PBXNativeTarget section */

/* Begin PBXProject section */
		70FE18131B7C81500037AD92 /* Project object */ = {
			isa = PBXProject;
			attributes = {
				LastUpgradeCheck = 0630;
				ORGANIZATIONNAME = "小码哥";
				TargetAttributes = {
					70FE181A1B7C81500037AD92 = {
						CreatedOnToolsVersion = 6.3.2;
					};
					70FE18331B7C81500037AD92 = {
						CreatedOnToolsVersion = 6.3.2;
						TestTargetID = 70FE181A1B7C81500037AD92;
					};
				};
			};
			buildConfigurationList = 70FE18161B7C81500037AD92 /* Build configuration list for PBXProject "01-本地通知" */;
			compatibilityVersion = "Xcode 3.2";
			developmentRegion = English;
			hasScannedForEncodings = 0;
			knownRegions = (
				en,
				Base,
			);
			mainGroup = 70FE18121B7C81500037AD92;
			productRefGroup = 70FE181C1B7C81500037AD92 /* Products */;
			projectDirPath = "";
			projectRoot = "";
			targets = (
				70FE181A1B7C81500037AD92 /* 01-本地通知 */,
				70FE18331B7C81500037AD92 /* 01-本地通知Tests */,
			);
		};
/* End PBXProject section */

/* Begin PBXResourcesBuildPhase section */
		70FE18191B7C81500037AD92 /* Resources */ = {
			isa = PBXResourcesBuildPhase;
			buildActionMask = 2147483647;
			files = (
				70FE182A1B7C81500037AD92 /* Main.storyboard in Resources */,
				70FE18451B7C87490037AD92 /* buyao.wav in Resources */,
				70FE182F1B7C81500037AD92 /* LaunchScreen.xib in Resources */,
				70FE182C1B7C81500037AD92 /* Images.xcassets in Resources */,
			);
			runOnlyForDeploymentPostprocessing = 0;
		};
		70FE18321B7C81500037AD92 /* Resources */ = {
			isa = PBXResourcesBuildPhase;
			buildActionMask = 2147483647;
			files = (
			);
			runOnlyForDeploymentPostprocessing = 0;
		};
/* End PBXResourcesBuildPhase section */

/* Begin PBXSourcesBuildPhase section */
		70FE18171B7C81500037AD92 /* Sources */ = {
			isa = PBXSourcesBuildPhase;
			buildActionMask = 2147483647;
			files = (
				70FE18271B7C81500037AD92 /* ViewController.m in Sources */,
				70FE18241B7C81500037AD92 /* AppDelegate.m in Sources */,
				70FE18211B7C81500037AD92 /* main.m in Sources */,
			);
			runOnlyForDeploymentPostprocessing = 0;
		};
		70FE18301B7C81500037AD92 /* Sources */ = {
			isa = PBXSourcesBuildPhase;
			buildActionMask = 2147483647;
			files = (
				70FE183B1B7C81500037AD92 /* _1_____Tests.m in Sources */,
			);
			runOnlyForDeploymentPostprocessing = 0;
		};
/* End PBXSourcesBuildPhase section */

/* Begin PBXTargetDependency section */
		70FE18361B7C81500037AD92 /* PBXTargetDependency */ = {
			isa = PBXTargetDependency;
			target = 70FE181A1B7C81500037AD92 /* 01-本地通知 */;
			targetProxy = 70FE18351B7C81500037AD92 /* PBXContainerItemProxy */;
		};
/* End PBXTargetDependency section */

/* Begin PBXVariantGroup section */
		70FE18281B7C81500037AD92 /* Main.storyboard */ = {
			isa = PBXVariantGroup;
			children = (
				70FE18291B7C81500037AD92 /* Base */,
			);
			name = Main.storyboard;
			sourceTree = "<group>";
		};
		70FE182D1B7C81500037AD92 /* LaunchScreen.xib */ = {
			isa = PBXVariantGroup;
			children = (
				70FE182E1B7C81500037AD92 /* Base */,
			);
			name = LaunchScreen.xib;
			sourceTree = "<group>";
		};
/* End PBXVariantGroup section */

/* Begin XCBuildConfiguration section */
		70FE183C1B7C81500037AD92 /* Debug */ = {
			isa = XCBuildConfiguration;
			buildSettings = {
				ALWAYS_SEARCH_USER_PATHS = NO;
				CLANG_CXX_LANGUAGE_STANDARD = "gnu++0x";
				CLANG_CXX_LIBRARY = "libc++";
				CLANG_ENABLE_MODULES = YES;
				CLANG_ENABLE_OBJC_ARC = YES;
				CLANG_WARN_BOOL_CONVERSION = YES;
				CLANG_WARN_CONSTANT_CONVERSION = YES;
				CLANG_WARN_DIRECT_OBJC_ISA_USAGE = YES_ERROR;
				CLANG_WARN_EMPTY_BODY = YES;
				CLANG_WARN_ENUM_CONVERSION = YES;
				CLANG_WARN_INT_CONVERSION = YES;
				CLANG_WARN_OBJC_ROOT_CLASS = YES_ERROR;
				CLANG_WARN_UNREACHABLE_CODE = YES;
				CLANG_WARN__DUPLICATE_METHOD_MATCH = YES;
				"CODE_SIGN_IDENTITY[sdk=iphoneos*]" = "iPhone Developer";
				COPY_PHASE_STRIP = NO;
				DEBUG_INFORMATION_FORMAT = "dwarf-with-dsym";
				ENABLE_STRICT_OBJC_MSGSEND = YES;
				GCC_C_LANGUAGE_STANDARD = gnu99;
				GCC_DYNAMIC_NO_PIC = NO;
				GCC_NO_COMMON_BLOCKS = YES;
				GCC_OPTIMIZATION_LEVEL = 0;
				GCC_PREPROCESSOR_DEFINITIONS = (
					"DEBUG=1",
					"$(inherited)",
				);
				GCC_SYMBOLS_PRIVATE_EXTERN = NO;
				GCC_WARN_64_TO_32_BIT_CONVERSION = YES;
				GCC_WARN_ABOUT_RETURN_TYPE = YES_ERROR;
				GCC_WARN_UNDECLARED_SELECTOR = YES;
				GCC_WARN_UNINITIALIZED_AUTOS = YES_AGGRESSIVE;
				GCC_WARN_UNUSED_FUNCTION = YES;
				GCC_WARN_UNUSED_VARIABLE = YES;
				IPHONEOS_DEPLOYMENT_TARGET = 8.3;
				MTL_ENABLE_DEBUG_INFO = YES;
				ONLY_ACTIVE_ARCH = YES;
				SDKROOT = iphoneos;
			};
			name = Debug;
		};
		70FE183D1B7C81500037AD92 /* Release */ = {
			isa = XCBuildConfiguration;
			buildSettings = {
				ALWAYS_SEARCH_USER_PATHS = NO;
				CLANG_CXX_LANGUAGE_STANDARD = "gnu++0x";
				CLANG_CXX_LIBRARY = "libc++";
				CLANG_ENABLE_MODULES = YES;
				CLANG_ENABLE_OBJC_ARC = YES;
				CLANG_WARN_BOOL_CONVERSION = YES;
				CLANG_WARN_CONSTANT_CONVERSION = YES;
				CLANG_WARN_DIRECT_OBJC_ISA_USAGE = YES_ERROR;
				CLANG_WARN_EMPTY_BODY = YES;
				CLANG_WARN_ENUM_CONVERSION = YES;
				CLANG_WARN_INT_CONVERSION = YES;
				CLANG_WARN_OBJC_ROOT_CLASS = YES_ERROR;
				CLANG_WARN_UNREACHABLE_CODE = YES;
				CLANG_WARN__DUPLICATE_METHOD_MATCH = YES;
				"CODE_SIGN_IDENTITY[sdk=iphoneos*]" = "iPhone Developer";
				COPY_PHASE_STRIP = NO;
				DEBUG_INFORMATION_FORMAT = "dwarf-with-dsym";
				ENABLE_NS_ASSERTIONS = NO;
				ENABLE_STRICT_OBJC_MSGSEND = YES;
				GCC_C_LANGUAGE_STANDARD = gnu99;
				GCC_NO_COMMON_BLOCKS = YES;
				GCC_WARN_64_TO_32_BIT_CONVERSION = YES;
				GCC_WARN_ABOUT_RETURN_TYPE = YES_ERROR;
				GCC_WARN_UNDECLARED_SELECTOR = YES;
				GCC_WARN_UNINITIALIZED_AUTOS = YES_AGGRESSIVE;
				GCC_WARN_UNUSED_FUNCTION = YES;
				GCC_WARN_UNUSED_VARIABLE = YES;
				IPHONEOS_DEPLOYMENT_TARGET = 8.3;
				MTL_ENABLE_DEBUG_INFO = NO;
				SDKROOT = iphoneos;
				VALIDATE_PRODUCT = YES;
			};
			name = Release;
		};
		70FE183F1B7C81500037AD92 /* Debug */ = {
			isa = XCBuildConfiguration;
			buildSettings = {
				ASSETCATALOG_COMPILER_APPICON_NAME = AppIcon;
				ASSETCATALOG_COMPILER_LAUNCHIMAGE_NAME = LaunchImage;
				INFOPLIST_FILE = "01-本地通知/Info.plist";
				LD_RUNPATH_SEARCH_PATHS = "$(inherited) @executable_path/Frameworks";
				PRODUCT_NAME = "$(TARGET_NAME)";
			};
			name = Debug;
		};
		70FE18401B7C81500037AD92 /* Release */ = {
			isa = XCBuildConfiguration;
			buildSettings = {
				ASSETCATALOG_COMPILER_APPICON_NAME = AppIcon;
				ASSETCATALOG_COMPILER_LAUNCHIMAGE_NAME = LaunchImage;
				INFOPLIST_FILE = "01-本地通知/Info.plist";
				LD_RUNPATH_SEARCH_PATHS = "$(inherited) @executable_path/Frameworks";
				PRODUCT_NAME = "$(TARGET_NAME)";
			};
			name = Release;
		};
		70FE18421B7C81500037AD92 /* Debug */ = {
			isa = XCBuildConfiguration;
			buildSettings = {
				BUNDLE_LOADER = "$(TEST_HOST)";
				FRAMEWORK_SEARCH_PATHS = (
					"$(SDKROOT)/Developer/Library/Frameworks",
					"$(inherited)",
				);
				GCC_PREPROCESSOR_DEFINITIONS = (
					"DEBUG=1",
					"$(inherited)",
				);
				INFOPLIST_FILE = "01-本地通知Tests/Info.plist";
				LD_RUNPATH_SEARCH_PATHS = "$(inherited) @executable_path/Frameworks @loader_path/Frameworks";
				PRODUCT_NAME = "$(TARGET_NAME)";
				TEST_HOST = "$(BUILT_PRODUCTS_DIR)/01-本地通知.app/01-本地通知";
			};
			name = Debug;
		};
		70FE18431B7C81500037AD92 /* Release */ = {
			isa = XCBuildConfiguration;
			buildSettings = {
				BUNDLE_LOADER = "$(TEST_HOST)";
				FRAMEWORK_SEARCH_PATHS = (
					"$(SDKROOT)/Developer/Library/Frameworks",
					"$(inherited)",
				);
				INFOPLIST_FILE = "01-本地通知Tests/Info.plist";
				LD_RUNPATH_SEARCH_PATHS = "$(inherited) @executable_path/Frameworks @loader_path/Frameworks";
				PRODUCT_NAME = "$(TARGET_NAME)";
				TEST_HOST = "$(BUILT_PRODUCTS_DIR)/01-本地通知.app/01-本地通知";
			};
			name = Release;
		};
/* End XCBuildConfiguration section */

/* Begin XCConfigurationList section */
		70FE18161B7C81500037AD92 /* Build configuration list for PBXProject "01-本地通知" */ = {
			isa = XCConfigurationList;
			buildConfigurations = (
				70FE183C1B7C81500037AD92 /* Debug */,
				70FE183D1B7C81500037AD92 /* Release */,
			);
			defaultConfigurationIsVisible = 0;
			defaultConfigurationName = Release;
		};
		70FE183E1B7C81500037AD92 /* Build configuration list for PBXNativeTarget "01-本地通知" */ = {
			isa = XCConfigurationList;
			buildConfigurations = (
				70FE183F1B7C81500037AD92 /* Debug */,
				70FE18401B7C81500037AD92 /* Release */,
			);
			defaultConfigurationIsVisible = 0;
		};
		70FE18411B7C81500037AD92 /* Build configuration list for PBXNativeTarget "01-本地通知Tests" */ = {
			isa = XCConfigurationList;
			buildConfigurations = (
				70FE18421B7C81500037AD92 /* Debug */,
				70FE18431B7C81500037AD92 /* Release */,
			);
			defaultConfigurationIsVisible = 0;
		};
/* End XCConfigurationList section */
	};
	rootObject = 70FE18131B7C81500037AD92 /* Project object */;
}
